dependencies:
- name: common
  repository: https://library-charts.k8s-at-home.com
  version: 4.0.1
- name: postgresql
  repository: https://charts.bitnami.com/bitnami
  version: 10.12.4
- name: mariadb
  repository: https://charts.bitnami.com/bitnami
  version: 9.6.2
- name: influxdb
  repository: https://charts.bitnami.com/bitnami
  version: 1.1.9
digest: sha256:33de1b90b55510af4e442800c46722a8b8cf14f60a62d66c38782027a65b3b19
generated: "2021-10-17T09:30:47.178019313Z"