dependencies:
- name: common
  repository: https://library-charts.k8s-at-home.com
  version: 4.3.0
- name: postgresql
  repository: https://charts.bitnami.com/bitnami
  version: 10.16.2
- name: mariadb
  repository: https://charts.bitnami.com/bitnami
  version: 10.1.0
- name: influxdb
  repository: https://charts.bitnami.com/bitnami
  version: 1.1.9
digest: sha256:82e397e92fd785e78d738531cfe315090a8ad0b07b04a22582b4773807404bf1
generated: "2022-04-02T10:34:26.491179293Z"
