dependencies:
- name: common
  repository: https://library-charts.k8s-at-home.com
  version: 3.2.0
- name: postgresql
  repository: https://charts.bitnami.com/bitnami
  version: 10.12.4
- name: mariadb
  repository: https://charts.bitnami.com/bitnami
  version: 9.3.16
- name: influxdb
  repository: https://charts.bitnami.com/bitnami
  version: 1.1.9
digest: sha256:feebb6172f451290a48cf48995e12267d7fb68b1e3043c96f5167d3514ad8a75
generated: "2021-10-17T08:25:30.978705858Z"
