dependencies:
- name: kube-state-metrics
  repository: https://kubernetes.github.io/kube-state-metrics
  version: 2.9.8
- name: prometheus-node-exporter
  repository: https://prometheus-community.github.io/helm-charts
  version: 3.3.0
- name: grafana
  repository: https://grafana.github.io/helm-charts
  version: 6.1.17
digest: sha256:2b9ad3a47527d18823668f09f5b85cc7d5faed6fb9a7ba83f09d84ab2a501fa7
generated: "2022-05-27T00:12:13.731636403Z"
