dependencies:
- name: kube-state-metrics
  repository: https://kubernetes.github.io/kube-state-metrics
  version: 2.9.8
- name: prometheus-node-exporter
  repository: https://prometheus-community.github.io/helm-charts
  version: 2.5.0
- name: grafana
  repository: https://grafana.github.io/helm-charts
  version: 6.1.17
digest: sha256:bf826828df846106a35e9264b6cfc8032aa191c79ae40846e03885478c3e6746
generated: "2022-01-13T12:49:30.338850489Z"
